// !$*UTF8*$!
{
	archiveVersion = 1;
	classes = {
	};
	objectVersion = 55;
	objects = {

/* Begin PBXBuildFile section */
		460412A528B2D3FC00ABD2B5 /* GoogleService-Info.plist in Resources */ = {isa = PBXBuildFile; fileRef = 460412A428B2D3FC00ABD2B5 /* GoogleService-Info.plist */; };
		463F992428B7078D0089A7ED /* FileStorage.swift in Sources */ = {isa = PBXBuildFile; fileRef = 463F992328B7078D0089A7ED /* FileStorage.swift */; };
		4668060428C180EE006389DB /* StartChat.swift in Sources */ = {isa = PBXBuildFile; fileRef = 4668060328C180EE006389DB /* StartChat.swift */; };
		4668060628C18992006389DB /* FirebaseRecentListener.swift in Sources */ = {isa = PBXBuildFile; fileRef = 4668060528C18992006389DB /* FirebaseRecentListener.swift */; };
		4668060828C1CB78006389DB /* ChatsTableViewController.swift in Sources */ = {isa = PBXBuildFile; fileRef = 4668060728C1CB78006389DB /* ChatsTableViewController.swift */; };
		46799F9D28C0531A007AEB70 /* RecentChat.swift in Sources */ = {isa = PBXBuildFile; fileRef = 46799F9C28C0531A007AEB70 /* RecentChat.swift */; };
		46799F9F28C06304007AEB70 /* RecentTableViewCell.swift in Sources */ = {isa = PBXBuildFile; fileRef = 46799F9E28C06304007AEB70 /* RecentTableViewCell.swift */; };
		467AE59128BC05C30097E385 /* GlobalFunctions.swift in Sources */ = {isa = PBXBuildFile; fileRef = 467AE59028BC05C30097E385 /* GlobalFunctions.swift */; };
		467AE59328BC16DB0097E385 /* Extensions.swift in Sources */ = {isa = PBXBuildFile; fileRef = 467AE59228BC16DB0097E385 /* Extensions.swift */; };
		467AE59528BC1EBE0097E385 /* Status.swift in Sources */ = {isa = PBXBuildFile; fileRef = 467AE59428BC1EBE0097E385 /* Status.swift */; };
		467AE59728BC26C30097E385 /* StatusTableViewController.swift in Sources */ = {isa = PBXBuildFile; fileRef = 467AE59628BC26C30097E385 /* StatusTableViewController.swift */; };
		467AE59928BC64DA0097E385 /* UserTableViewCell.swift in Sources */ = {isa = PBXBuildFile; fileRef = 467AE59828BC64DA0097E385 /* UserTableViewCell.swift */; };
		467AE59B28BC650A0097E385 /* UsersTableViewController.swift in Sources */ = {isa = PBXBuildFile; fileRef = 467AE59A28BC650A0097E385 /* UsersTableViewController.swift */; };
		467CAC1A28BDA2A60000B1D4 /* ProfileTableViewController.swift in Sources */ = {isa = PBXBuildFile; fileRef = 467CAC1928BDA2A60000B1D4 /* ProfileTableViewController.swift */; };
		467F163328B532F40044BEFA /* SettingsTableTableViewController.swift in Sources */ = {isa = PBXBuildFile; fileRef = 467F163228B532F40044BEFA /* SettingsTableTableViewController.swift */; };
		467F163528B586BC0044BEFA /* EditProfileTableViewController.swift in Sources */ = {isa = PBXBuildFile; fileRef = 467F163428B586BC0044BEFA /* EditProfileTableViewController.swift */; };
		468DEBA428B440EC00EB3739 /* User.swift in Sources */ = {isa = PBXBuildFile; fileRef = 468DEBA328B440EC00EB3739 /* User.swift */; };
		468DEBA728B447C300EB3739 /* Constants.swift in Sources */ = {isa = PBXBuildFile; fileRef = 468DEBA628B447C300EB3739 /* Constants.swift */; };
		468DEBA928B44BA000EB3739 /* FCollectionReference.swift in Sources */ = {isa = PBXBuildFile; fileRef = 468DEBA828B44BA000EB3739 /* FCollectionReference.swift */; };
		468DEBAC28B44E0C00EB3739 /* FirebaseUserListener.swift in Sources */ = {isa = PBXBuildFile; fileRef = 468DEBAB28B44E0C00EB3739 /* FirebaseUserListener.swift */; };
		46E5685D28AC3F4D000C41E2 /* AppDelegate.swift in Sources */ = {isa = PBXBuildFile; fileRef = 46E5685C28AC3F4D000C41E2 /* AppDelegate.swift */; };
		46E5685F28AC3F4D000C41E2 /* SceneDelegate.swift in Sources */ = {isa = PBXBuildFile; fileRef = 46E5685E28AC3F4D000C41E2 /* SceneDelegate.swift */; };
		46E5686128AC3F4D000C41E2 /* LoginViewController.swift in Sources */ = {isa = PBXBuildFile; fileRef = 46E5686028AC3F4D000C41E2 /* LoginViewController.swift */; };
		46E5686428AC3F4D000C41E2 /* Main.storyboard in Resources */ = {isa = PBXBuildFile; fileRef = 46E5686228AC3F4D000C41E2 /* Main.storyboard */; };
		46E5686628AC3F4E000C41E2 /* Assets.xcassets in Resources */ = {isa = PBXBuildFile; fileRef = 46E5686528AC3F4E000C41E2 /* Assets.xcassets */; };
		46E5686928AC3F4E000C41E2 /* LaunchScreen.storyboard in Resources */ = {isa = PBXBuildFile; fileRef = 46E5686728AC3F4E000C41E2 /* LaunchScreen.storyboard */; };
		46F3EDEC28C43CFA0028FB1D /* ChatViewController.swift in Sources */ = {isa = PBXBuildFile; fileRef = 46F3EDEB28C43CFA0028FB1D /* ChatViewController.swift */; };
		CDD922B616C1940C0750D0D9 /* Pods_Messenger.framework in Frameworks */ = {isa = PBXBuildFile; fileRef = F33A2E3A247902EAAFE6F115 /* Pods_Messenger.framework */; };
/* End PBXBuildFile section */

/* Begin PBXFileReference section */
		460412A428B2D3FC00ABD2B5 /* GoogleService-Info.plist */ = {isa = PBXFileReference; fileEncoding = 4; lastKnownFileType = text.plist.xml; path = "GoogleService-Info.plist"; sourceTree = "<group>"; };
		463F992328B7078D0089A7ED /* FileStorage.swift */ = {isa = PBXFileReference; lastKnownFileType = sourcecode.swift; path = FileStorage.swift; sourceTree = "<group>"; };
		4668060328C180EE006389DB /* StartChat.swift */ = {isa = PBXFileReference; lastKnownFileType = sourcecode.swift; path = StartChat.swift; sourceTree = "<group>"; };
		4668060528C18992006389DB /* FirebaseRecentListener.swift */ = {isa = PBXFileReference; lastKnownFileType = sourcecode.swift; path = FirebaseRecentListener.swift; sourceTree = "<group>"; };
		4668060728C1CB78006389DB /* ChatsTableViewController.swift */ = {isa = PBXFileReference; lastKnownFileType = sourcecode.swift; path = ChatsTableViewController.swift; sourceTree = "<group>"; };
		46799F9C28C0531A007AEB70 /* RecentChat.swift */ = {isa = PBXFileReference; lastKnownFileType = sourcecode.swift; path = RecentChat.swift; sourceTree = "<group>"; };
		46799F9E28C06304007AEB70 /* RecentTableViewCell.swift */ = {isa = PBXFileReference; lastKnownFileType = sourcecode.swift; path = RecentTableViewCell.swift; sourceTree = "<group>"; };
		467AE59028BC05C30097E385 /* GlobalFunctions.swift */ = {isa = PBXFileReference; lastKnownFileType = sourcecode.swift; path = GlobalFunctions.swift; sourceTree = "<group>"; };
		467AE59228BC16DB0097E385 /* Extensions.swift */ = {isa = PBXFileReference; lastKnownFileType = sourcecode.swift; path = Extensions.swift; sourceTree = "<group>"; };
		467AE59428BC1EBE0097E385 /* Status.swift */ = {isa = PBXFileReference; lastKnownFileType = sourcecode.swift; path = Status.swift; sourceTree = "<group>"; };
		467AE59628BC26C30097E385 /* StatusTableViewController.swift */ = {isa = PBXFileReference; lastKnownFileType = sourcecode.swift; path = StatusTableViewController.swift; sourceTree = "<group>"; };
		467AE59828BC64DA0097E385 /* UserTableViewCell.swift */ = {isa = PBXFileReference; lastKnownFileType = sourcecode.swift; path = UserTableViewCell.swift; sourceTree = "<group>"; };
		467AE59A28BC650A0097E385 /* UsersTableViewController.swift */ = {isa = PBXFileReference; lastKnownFileType = sourcecode.swift; path = UsersTableViewController.swift; sourceTree = "<group>"; };
		467CAC1928BDA2A60000B1D4 /* ProfileTableViewController.swift */ = {isa = PBXFileReference; lastKnownFileType = sourcecode.swift; path = ProfileTableViewController.swift; sourceTree = "<group>"; };
		467F163228B532F40044BEFA /* SettingsTableTableViewController.swift */ = {isa = PBXFileReference; lastKnownFileType = sourcecode.swift; path = SettingsTableTableViewController.swift; sourceTree = "<group>"; };
		467F163428B586BC0044BEFA /* EditProfileTableViewController.swift */ = {isa = PBXFileReference; lastKnownFileType = sourcecode.swift; path = EditProfileTableViewController.swift; sourceTree = "<group>"; };
		468DEBA328B440EC00EB3739 /* User.swift */ = {isa = PBXFileReference; lastKnownFileType = sourcecode.swift; path = User.swift; sourceTree = "<group>"; };
		468DEBA628B447C300EB3739 /* Constants.swift */ = {isa = PBXFileReference; lastKnownFileType = sourcecode.swift; path = Constants.swift; sourceTree = "<group>"; };
		468DEBA828B44BA000EB3739 /* FCollectionReference.swift */ = {isa = PBXFileReference; lastKnownFileType = sourcecode.swift; path = FCollectionReference.swift; sourceTree = "<group>"; };
		468DEBAB28B44E0C00EB3739 /* FirebaseUserListener.swift */ = {isa = PBXFileReference; lastKnownFileType = sourcecode.swift; path = FirebaseUserListener.swift; sourceTree = "<group>"; };
		46E5685928AC3F4D000C41E2 /* Messenger.app */ = {isa = PBXFileReference; explicitFileType = wrapper.application; includeInIndex = 0; path = Messenger.app; sourceTree = BUILT_PRODUCTS_DIR; };
		46E5685C28AC3F4D000C41E2 /* AppDelegate.swift */ = {isa = PBXFileReference; lastKnownFileType = sourcecode.swift; path = AppDelegate.swift; sourceTree = "<group>"; };
		46E5685E28AC3F4D000C41E2 /* SceneDelegate.swift */ = {isa = PBXFileReference; lastKnownFileType = sourcecode.swift; path = SceneDelegate.swift; sourceTree = "<group>"; };
		46E5686028AC3F4D000C41E2 /* LoginViewController.swift */ = {isa = PBXFileReference; lastKnownFileType = sourcecode.swift; path = LoginViewController.swift; sourceTree = "<group>"; };
		46E5686328AC3F4D000C41E2 /* Base */ = {isa = PBXFileReference; lastKnownFileType = file.storyboard; name = Base; path = Base.lproj/Main.storyboard; sourceTree = "<group>"; };
		46E5686528AC3F4E000C41E2 /* Assets.xcassets */ = {isa = PBXFileReference; lastKnownFileType = folder.assetcatalog; path = Assets.xcassets; sourceTree = "<group>"; };
		46E5686828AC3F4E000C41E2 /* Base */ = {isa = PBXFileReference; lastKnownFileType = file.storyboard; name = Base; path = Base.lproj/LaunchScreen.storyboard; sourceTree = "<group>"; };
		46E5686A28AC3F4E000C41E2 /* Info.plist */ = {isa = PBXFileReference; lastKnownFileType = text.plist.xml; path = Info.plist; sourceTree = "<group>"; };
		46F3EDEB28C43CFA0028FB1D /* ChatViewController.swift */ = {isa = PBXFileReference; lastKnownFileType = sourcecode.swift; path = ChatViewController.swift; sourceTree = "<group>"; };
		8EC46D5AE4866C438834B6EB /* Pods-Messenger.release.xcconfig */ = {isa = PBXFileReference; includeInIndex = 1; lastKnownFileType = text.xcconfig; name = "Pods-Messenger.release.xcconfig"; path = "Target Support Files/Pods-Messenger/Pods-Messenger.release.xcconfig"; sourceTree = "<group>"; };
		982DD496382BBC2E2438A9DC /* Pods-Messenger.debug.xcconfig */ = {isa = PBXFileReference; includeInIndex = 1; lastKnownFileType = text.xcconfig; name = "Pods-Messenger.debug.xcconfig"; path = "Target Support Files/Pods-Messenger/Pods-Messenger.debug.xcconfig"; sourceTree = "<group>"; };
		F33A2E3A247902EAAFE6F115 /* Pods_Messenger.framework */ = {isa = PBXFileReference; explicitFileType = wrapper.framework; includeInIndex = 0; path = Pods_Messenger.framework; sourceTree = BUILT_PRODUCTS_DIR; };
/* End PBXFileReference section */

/* Begin PBXFrameworksBuildPhase section */
		46E5685628AC3F4D000C41E2 /* Frameworks */ = {
			isa = PBXFrameworksBuildPhase;
			buildActionMask = 2147483647;
			files = (
				CDD922B616C1940C0750D0D9 /* Pods_Messenger.framework in Frameworks */,
			);
			runOnlyForDeploymentPostprocessing = 0;
		};
/* End PBXFrameworksBuildPhase section */

/* Begin PBXGroup section */
		467CAC1428BD9C910000B1D4 /* SettingsView */ = {
			isa = PBXGroup;
			children = (
				467F163228B532F40044BEFA /* SettingsTableTableViewController.swift */,
				467F163428B586BC0044BEFA /* EditProfileTableViewController.swift */,
				467AE59628BC26C30097E385 /* StatusTableViewController.swift */,
			);
			path = SettingsView;
			sourceTree = "<group>";
		};
		467CAC1528BD9D960000B1D4 /* CustomCells */ = {
			isa = PBXGroup;
			children = (
				467AE59828BC64DA0097E385 /* UserTableViewCell.swift */,
				46799F9E28C06304007AEB70 /* RecentTableViewCell.swift */,
			);
			path = CustomCells;
			sourceTree = "<group>";
		};
		467CAC1628BDA1030000B1D4 /* LoginViews */ = {
			isa = PBXGroup;
			children = (
				46E5686028AC3F4D000C41E2 /* LoginViewController.swift */,
			);
			path = LoginViews;
			sourceTree = "<group>";
		};
		467CAC1828BDA1950000B1D4 /* MainViews */ = {
			isa = PBXGroup;
			children = (
				467AE59A28BC650A0097E385 /* UsersTableViewController.swift */,
				4668060728C1CB78006389DB /* ChatsTableViewController.swift */,
			);
			path = MainViews;
			sourceTree = "<group>";
		};
		467CAC1B28BDA3000000B1D4 /* SecondaryViews */ = {
			isa = PBXGroup;
			children = (
				467CAC1928BDA2A60000B1D4 /* ProfileTableViewController.swift */,
				46F3EDEB28C43CFA0028FB1D /* ChatViewController.swift */,
			);
			path = SecondaryViews;
			sourceTree = "<group>";
		};
		468DEBA528B440F400EB3739 /* Model */ = {
			isa = PBXGroup;
			children = (
				468DEBA328B440EC00EB3739 /* User.swift */,
				46799F9C28C0531A007AEB70 /* RecentChat.swift */,
				467AE59428BC1EBE0097E385 /* Status.swift */,
			);
			path = Model;
			sourceTree = "<group>";
		};
		468DEBAA28B44CBF00EB3739 /* FirebaseHelpers */ = {
			isa = PBXGroup;
			children = (
				468DEBA828B44BA000EB3739 /* FCollectionReference.swift */,
				468DEBAB28B44E0C00EB3739 /* FirebaseUserListener.swift */,
				4668060528C18992006389DB /* FirebaseRecentListener.swift */,
				463F992328B7078D0089A7ED /* FileStorage.swift */,
			);
			path = FirebaseHelpers;
			sourceTree = "<group>";
		};
		468DEBAD28B486FE00EB3739 /* Helpers */ = {
			isa = PBXGroup;
			children = (
				468DEBA628B447C300EB3739 /* Constants.swift */,
				467AE59028BC05C30097E385 /* GlobalFunctions.swift */,
				4668060328C180EE006389DB /* StartChat.swift */,
				467AE59228BC16DB0097E385 /* Extensions.swift */,
			);
			path = Helpers;
			sourceTree = "<group>";
		};
		46E5685028AC3F4D000C41E2 = {
			isa = PBXGroup;
			children = (
				46E5685B28AC3F4D000C41E2 /* Messenger */,
				46E5685A28AC3F4D000C41E2 /* Products */,
				910BB21B9ECF040283CFC632 /* Pods */,
				8C8590B7468BDCA23C328179 /* Frameworks */,
			);
			sourceTree = "<group>";
		};
		46E5685A28AC3F4D000C41E2 /* Products */ = {
			isa = PBXGroup;
			children = (
				46E5685928AC3F4D000C41E2 /* Messenger.app */,
			);
			name = Products;
			sourceTree = "<group>";
		};
		46E5685B28AC3F4D000C41E2 /* Messenger */ = {
			isa = PBXGroup;
			children = (
				46E5685C28AC3F4D000C41E2 /* AppDelegate.swift */,
				46E5685E28AC3F4D000C41E2 /* SceneDelegate.swift */,
				467CAC1828BDA1950000B1D4 /* MainViews */,
				467CAC1B28BDA3000000B1D4 /* SecondaryViews */,
				467CAC1628BDA1030000B1D4 /* LoginViews */,
				467CAC1428BD9C910000B1D4 /* SettingsView */,
				467CAC1528BD9D960000B1D4 /* CustomCells */,
				468DEBAA28B44CBF00EB3739 /* FirebaseHelpers */,
				468DEBA528B440F400EB3739 /* Model */,
				468DEBAD28B486FE00EB3739 /* Helpers */,
				46E5686228AC3F4D000C41E2 /* Main.storyboard */,
				46E5686528AC3F4E000C41E2 /* Assets.xcassets */,
				46E5686728AC3F4E000C41E2 /* LaunchScreen.storyboard */,
				46E5686A28AC3F4E000C41E2 /* Info.plist */,
				460412A428B2D3FC00ABD2B5 /* GoogleService-Info.plist */,
			);
			path = Messenger;
			sourceTree = "<group>";
		};
		8C8590B7468BDCA23C328179 /* Frameworks */ = {
			isa = PBXGroup;
			children = (
				F33A2E3A247902EAAFE6F115 /* Pods_Messenger.framework */,
			);
			name = Frameworks;
			sourceTree = "<group>";
		};
		910BB21B9ECF040283CFC632 /* Pods */ = {
			isa = PBXGroup;
			children = (
				982DD496382BBC2E2438A9DC /* Pods-Messenger.debug.xcconfig */,
				8EC46D5AE4866C438834B6EB /* Pods-Messenger.release.xcconfig */,
			);
			path = Pods;
			sourceTree = "<group>";
		};
/* End PBXGroup section */

/* Begin PBXNativeTarget section */
		46E5685828AC3F4D000C41E2 /* Messenger */ = {
			isa = PBXNativeTarget;
			buildConfigurationList = 46E5686D28AC3F4E000C41E2 /* Build configuration list for PBXNativeTarget "Messenger" */;
			buildPhases = (
				F01785A59EF7C67EA10FAB3D /* [CP] Check Pods Manifest.lock */,
				46E5685528AC3F4D000C41E2 /* Sources */,
				46E5685628AC3F4D000C41E2 /* Frameworks */,
				46E5685728AC3F4D000C41E2 /* Resources */,
				9100992A5D1D1F42D4255F49 /* [CP] Embed Pods Frameworks */,
			);
			buildRules = (
			);
			dependencies = (
			);
			name = Messenger;
			productName = Messenger;
			productReference = 46E5685928AC3F4D000C41E2 /* Messenger.app */;
			productType = "com.apple.product-type.application";
		};
/* End PBXNativeTarget section */

/* Begin PBXProject section */
		46E5685128AC3F4D000C41E2 /* Project object */ = {
			isa = PBXProject;
			attributes = {
				BuildIndependentTargetsInParallel = 1;
				LastSwiftUpdateCheck = 1310;
				LastUpgradeCheck = 1310;
				TargetAttributes = {
					46E5685828AC3F4D000C41E2 = {
						CreatedOnToolsVersion = 13.1;
					};
				};
			};
			buildConfigurationList = 46E5685428AC3F4D000C41E2 /* Build configuration list for PBXProject "Messenger" */;
			compatibilityVersion = "Xcode 13.0";
			developmentRegion = en;
			hasScannedForEncodings = 0;
			knownRegions = (
				en,
				Base,
			);
			mainGroup = 46E5685028AC3F4D000C41E2;
			productRefGroup = 46E5685A28AC3F4D000C41E2 /* Products */;
			projectDirPath = "";
			projectRoot = "";
			targets = (
				46E5685828AC3F4D000C41E2 /* Messenger */,
			);
		};
/* End PBXProject section */

/* Begin PBXResourcesBuildPhase section */
		46E5685728AC3F4D000C41E2 /* Resources */ = {
			isa = PBXResourcesBuildPhase;
			buildActionMask = 2147483647;
			files = (
				46E5686928AC3F4E000C41E2 /* LaunchScreen.storyboard in Resources */,
				460412A528B2D3FC00ABD2B5 /* GoogleService-Info.plist in Resources */,
				46E5686628AC3F4E000C41E2 /* Assets.xcassets in Resources */,
				46E5686428AC3F4D000C41E2 /* Main.storyboard in Resources */,
			);
			runOnlyForDeploymentPostprocessing = 0;
		};
/* End PBXResourcesBuildPhase section */

/* Begin PBXShellScriptBuildPhase section */
		9100992A5D1D1F42D4255F49 /* [CP] Embed Pods Frameworks */ = {
			isa = PBXShellScriptBuildPhase;
			buildActionMask = 2147483647;
			files = (
			);
			inputFileListPaths = (
				"${PODS_ROOT}/Target Support Files/Pods-Messenger/Pods-Messenger-frameworks-${CONFIGURATION}-input-files.xcfilelist",
			);
			name = "[CP] Embed Pods Frameworks";
			outputFileListPaths = (
				"${PODS_ROOT}/Target Support Files/Pods-Messenger/Pods-Messenger-frameworks-${CONFIGURATION}-output-files.xcfilelist",
			);
			runOnlyForDeploymentPostprocessing = 0;
			shellPath = /bin/sh;
			shellScript = "\"${PODS_ROOT}/Target Support Files/Pods-Messenger/Pods-Messenger-frameworks.sh\"\n";
			showEnvVarsInLog = 0;
		};
		F01785A59EF7C67EA10FAB3D /* [CP] Check Pods Manifest.lock */ = {
			isa = PBXShellScriptBuildPhase;
			buildActionMask = 2147483647;
			files = (
			);
			inputFileListPaths = (
			);
			inputPaths = (
				"${PODS_PODFILE_DIR_PATH}/Podfile.lock",
				"${PODS_ROOT}/Manifest.lock",
			);
			name = "[CP] Check Pods Manifest.lock";
			outputFileListPaths = (
			);
			outputPaths = (
				"$(DERIVED_FILE_DIR)/Pods-Messenger-checkManifestLockResult.txt",
			);
			runOnlyForDeploymentPostprocessing = 0;
			shellPath = /bin/sh;
			shellScript = "diff \"${PODS_PODFILE_DIR_PATH}/Podfile.lock\" \"${PODS_ROOT}/Manifest.lock\" > /dev/null\nif [ $? != 0 ] ; then\n    # print error to STDERR\n    echo \"error: The sandbox is not in sync with the Podfile.lock. Run 'pod install' or update your CocoaPods installation.\" >&2\n    exit 1\nfi\n# This output is used by Xcode 'outputs' to avoid re-running this script phase.\necho \"SUCCESS\" > \"${SCRIPT_OUTPUT_FILE_0}\"\n";
			showEnvVarsInLog = 0;
		};
/* End PBXShellScriptBuildPhase section */

/* Begin PBXSourcesBuildPhase section */
		46E5685528AC3F4D000C41E2 /* Sources */ = {
			isa = PBXSourcesBuildPhase;
			buildActionMask = 2147483647;
			files = (
				46799F9D28C0531A007AEB70 /* RecentChat.swift in Sources */,
				467AE59128BC05C30097E385 /* GlobalFunctions.swift in Sources */,
				468DEBA928B44BA000EB3739 /* FCollectionReference.swift in Sources */,
				4668060628C18992006389DB /* FirebaseRecentListener.swift in Sources */,
				467AE59B28BC650A0097E385 /* UsersTableViewController.swift in Sources */,
				463F992428B7078D0089A7ED /* FileStorage.swift in Sources */,
				467F163328B532F40044BEFA /* SettingsTableTableViewController.swift in Sources */,
				467AE59928BC64DA0097E385 /* UserTableViewCell.swift in Sources */,
				468DEBA728B447C300EB3739 /* Constants.swift in Sources */,
				467CAC1A28BDA2A60000B1D4 /* ProfileTableViewController.swift in Sources */,
				468DEBA428B440EC00EB3739 /* User.swift in Sources */,
				46E5686128AC3F4D000C41E2 /* LoginViewController.swift in Sources */,
				467AE59328BC16DB0097E385 /* Extensions.swift in Sources */,
				467F163528B586BC0044BEFA /* EditProfileTableViewController.swift in Sources */,
				467AE59728BC26C30097E385 /* StatusTableViewController.swift in Sources */,
				467AE59528BC1EBE0097E385 /* Status.swift in Sources */,
				46F3EDEC28C43CFA0028FB1D /* ChatViewController.swift in Sources */,
				46E5685D28AC3F4D000C41E2 /* AppDelegate.swift in Sources */,
				4668060828C1CB78006389DB /* ChatsTableViewController.swift in Sources */,
				4668060428C180EE006389DB /* StartChat.swift in Sources */,
				468DEBAC28B44E0C00EB3739 /* FirebaseUserListener.swift in Sources */,
				46E5685F28AC3F4D000C41E2 /* SceneDelegate.swift in Sources */,
				46799F9F28C06304007AEB70 /* RecentTableViewCell.swift in Sources */,
			);
			runOnlyForDeploymentPostprocessing = 0;
		};
/* End PBXSourcesBuildPhase section */

/* Begin PBXVariantGroup section */
		46E5686228AC3F4D000C41E2 /* Main.storyboard */ = {
			isa = PBXVariantGroup;
			children = (
				46E5686328AC3F4D000C41E2 /* Base */,
			);
			name = Main.storyboard;
			sourceTree = "<group>";
		};
		46E5686728AC3F4E000C41E2 /* LaunchScreen.storyboard */ = {
			isa = PBXVariantGroup;
			children = (
				46E5686828AC3F4E000C41E2 /* Base */,
			);
			name = LaunchScreen.storyboard;
			sourceTree = "<group>";
		};
/* End PBXVariantGroup section */

/* Begin XCBuildConfiguration section */
		46E5686B28AC3F4E000C41E2 /* Debug */ = {
			isa = XCBuildConfiguration;
			buildSettings = {
				ALWAYS_SEARCH_USER_PATHS = NO;
				CLANG_ANALYZER_NONNULL = YES;
				CLANG_ANALYZER_NUMBER_OBJECT_CONVERSION = YES_AGGRESSIVE;
				CLANG_CXX_LANGUAGE_STANDARD = "gnu++17";
				CLANG_CXX_LIBRARY = "libc++";
				CLANG_ENABLE_MODULES = YES;
				CLANG_ENABLE_OBJC_ARC = YES;
				CLANG_ENABLE_OBJC_WEAK = YES;
				CLANG_WARN_BLOCK_CAPTURE_AUTORELEASING = YES;
				CLANG_WARN_BOOL_CONVERSION = YES;
				CLANG_WARN_COMMA = YES;
				CLANG_WARN_CONSTANT_CONVERSION = YES;
				CLANG_WARN_DEPRECATED_OBJC_IMPLEMENTATIONS = YES;
				CLANG_WARN_DIRECT_OBJC_ISA_USAGE = YES_ERROR;
				CLANG_WARN_DOCUMENTATION_COMMENTS = YES;
				CLANG_WARN_EMPTY_BODY = YES;
				CLANG_WARN_ENUM_CONVERSION = YES;
				CLANG_WARN_INFINITE_RECURSION = YES;
				CLANG_WARN_INT_CONVERSION = YES;
				CLANG_WARN_NON_LITERAL_NULL_CONVERSION = YES;
				CLANG_WARN_OBJC_IMPLICIT_RETAIN_SELF = YES;
				CLANG_WARN_OBJC_LITERAL_CONVERSION = YES;
				CLANG_WARN_OBJC_ROOT_CLASS = YES_ERROR;
				CLANG_WARN_QUOTED_INCLUDE_IN_FRAMEWORK_HEADER = YES;
				CLANG_WARN_RANGE_LOOP_ANALYSIS = YES;
				CLANG_WARN_STRICT_PROTOTYPES = YES;
				CLANG_WARN_SUSPICIOUS_MOVE = YES;
				CLANG_WARN_UNGUARDED_AVAILABILITY = YES_AGGRESSIVE;
				CLANG_WARN_UNREACHABLE_CODE = YES;
				CLANG_WARN__DUPLICATE_METHOD_MATCH = YES;
				COPY_PHASE_STRIP = NO;
				DEBUG_INFORMATION_FORMAT = dwarf;
				ENABLE_STRICT_OBJC_MSGSEND = YES;
				ENABLE_TESTABILITY = YES;
				GCC_C_LANGUAGE_STANDARD = gnu11;
				GCC_DYNAMIC_NO_PIC = NO;
				GCC_NO_COMMON_BLOCKS = YES;
				GCC_OPTIMIZATION_LEVEL = 0;
				GCC_PREPROCESSOR_DEFINITIONS = (
					"DEBUG=1",
					"$(inherited)",
				);
				GCC_WARN_64_TO_32_BIT_CONVERSION = YES;
				GCC_WARN_ABOUT_RETURN_TYPE = YES_ERROR;
				GCC_WARN_UNDECLARED_SELECTOR = YES;
				GCC_WARN_UNINITIALIZED_AUTOS = YES_AGGRESSIVE;
				GCC_WARN_UNUSED_FUNCTION = YES;
				GCC_WARN_UNUSED_VARIABLE = YES;
				IPHONEOS_DEPLOYMENT_TARGET = 15.0;
				MTL_ENABLE_DEBUG_INFO = INCLUDE_SOURCE;
				MTL_FAST_MATH = YES;
				ONLY_ACTIVE_ARCH = YES;
				SDKROOT = iphoneos;
				SWIFT_ACTIVE_COMPILATION_CONDITIONS = DEBUG;
				SWIFT_OPTIMIZATION_LEVEL = "-Onone";
			};
			name = Debug;
		};
		46E5686C28AC3F4E000C41E2 /* Release */ = {
			isa = XCBuildConfiguration;
			buildSettings = {
				ALWAYS_SEARCH_USER_PATHS = NO;
				CLANG_ANALYZER_NONNULL = YES;
				CLANG_ANALYZER_NUMBER_OBJECT_CONVERSION = YES_AGGRESSIVE;
				CLANG_CXX_LANGUAGE_STANDARD = "gnu++17";
				CLANG_CXX_LIBRARY = "libc++";
				CLANG_ENABLE_MODULES = YES;
				CLANG_ENABLE_OBJC_ARC = YES;
				CLANG_ENABLE_OBJC_WEAK = YES;
				CLANG_WARN_BLOCK_CAPTURE_AUTORELEASING = YES;
				CLANG_WARN_BOOL_CONVERSION = YES;
				CLANG_WARN_COMMA = YES;
				CLANG_WARN_CONSTANT_CONVERSION = YES;
				CLANG_WARN_DEPRECATED_OBJC_IMPLEMENTATIONS = YES;
				CLANG_WARN_DIRECT_OBJC_ISA_USAGE = YES_ERROR;
				CLANG_WARN_DOCUMENTATION_COMMENTS = YES;
				CLANG_WARN_EMPTY_BODY = YES;
				CLANG_WARN_ENUM_CONVERSION = YES;
				CLANG_WARN_INFINITE_RECURSION = YES;
				CLANG_WARN_INT_CONVERSION = YES;
				CLANG_WARN_NON_LITERAL_NULL_CONVERSION = YES;
				CLANG_WARN_OBJC_IMPLICIT_RETAIN_SELF = YES;
				CLANG_WARN_OBJC_LITERAL_CONVERSION = YES;
				CLANG_WARN_OBJC_ROOT_CLASS = YES_ERROR;
				CLANG_WARN_QUOTED_INCLUDE_IN_FRAMEWORK_HEADER = YES;
				CLANG_WARN_RANGE_LOOP_ANALYSIS = YES;
				CLANG_WARN_STRICT_PROTOTYPES = YES;
				CLANG_WARN_SUSPICIOUS_MOVE = YES;
				CLANG_WARN_UNGUARDED_AVAILABILITY = YES_AGGRESSIVE;
				CLANG_WARN_UNREACHABLE_CODE = YES;
				CLANG_WARN__DUPLICATE_METHOD_MATCH = YES;
				COPY_PHASE_STRIP = NO;
				DEBUG_INFORMATION_FORMAT = "dwarf-with-dsym";
				ENABLE_NS_ASSERTIONS = NO;
				ENABLE_STRICT_OBJC_MSGSEND = YES;
				GCC_C_LANGUAGE_STANDARD = gnu11;
				GCC_NO_COMMON_BLOCKS = YES;
				GCC_WARN_64_TO_32_BIT_CONVERSION = YES;
				GCC_WARN_ABOUT_RETURN_TYPE = YES_ERROR;
				GCC_WARN_UNDECLARED_SELECTOR = YES;
				GCC_WARN_UNINITIALIZED_AUTOS = YES_AGGRESSIVE;
				GCC_WARN_UNUSED_FUNCTION = YES;
				GCC_WARN_UNUSED_VARIABLE = YES;
				IPHONEOS_DEPLOYMENT_TARGET = 15.0;
				MTL_ENABLE_DEBUG_INFO = NO;
				MTL_FAST_MATH = YES;
				SDKROOT = iphoneos;
				SWIFT_COMPILATION_MODE = wholemodule;
				SWIFT_OPTIMIZATION_LEVEL = "-O";
				VALIDATE_PRODUCT = YES;
			};
			name = Release;
		};
		46E5686E28AC3F4E000C41E2 /* Debug */ = {
			isa = XCBuildConfiguration;
			baseConfigurationReference = 982DD496382BBC2E2438A9DC /* Pods-Messenger.debug.xcconfig */;
			buildSettings = {
				ASSETCATALOG_COMPILER_APPICON_NAME = AppIcon;
				ASSETCATALOG_COMPILER_GLOBAL_ACCENT_COLOR_NAME = AccentColor;
				CODE_SIGN_STYLE = Automatic;
				CURRENT_PROJECT_VERSION = 1;
				DEVELOPMENT_TEAM = KDV3CN6XTH;
				GENERATE_INFOPLIST_FILE = YES;
				INFOPLIST_FILE = Messenger/Info.plist;
				INFOPLIST_KEY_UIApplicationSupportsIndirectInputEvents = YES;
				INFOPLIST_KEY_UILaunchStoryboardName = LaunchScreen;
				INFOPLIST_KEY_UIMainStoryboardFile = Main;
				INFOPLIST_KEY_UISupportedInterfaceOrientations_iPad = "UIInterfaceOrientationPortrait UIInterfaceOrientationPortraitUpsideDown UIInterfaceOrientationLandscapeLeft UIInterfaceOrientationLandscapeRight";
				INFOPLIST_KEY_UISupportedInterfaceOrientations_iPhone = "UIInterfaceOrientationPortrait UIInterfaceOrientationLandscapeLeft UIInterfaceOrientationLandscapeRight";
				LD_RUNPATH_SEARCH_PATHS = (
					"$(inherited)",
					"@executable_path/Frameworks",
				);
				MARKETING_VERSION = 1.0;
				PRODUCT_BUNDLE_IDENTIFIER = wajih.Messenger;
				PRODUCT_NAME = "$(TARGET_NAME)";
				SWIFT_EMIT_LOC_STRINGS = YES;
				SWIFT_VERSION = 5.0;
				TARGETED_DEVICE_FAMILY = "1,2";
			};
			name = Debug;
		};
		46E5686F28AC3F4E000C41E2 /* Release */ = {
			isa = XCBuildConfiguration;
			baseConfigurationReference = 8EC46D5AE4866C438834B6EB /* Pods-Messenger.release.xcconfig */;
			buildSettings = {
				ASSETCATALOG_COMPILER_APPICON_NAME = AppIcon;
				ASSETCATALOG_COMPILER_GLOBAL_ACCENT_COLOR_NAME = AccentColor;
				CODE_SIGN_STYLE = Automatic;
				CURRENT_PROJECT_VERSION = 1;
				DEVELOPMENT_TEAM = KDV3CN6XTH;
				GENERATE_INFOPLIST_FILE = YES;
				INFOPLIST_FILE = Messenger/Info.plist;
				INFOPLIST_KEY_UIApplicationSupportsIndirectInputEvents = YES;
				INFOPLIST_KEY_UILaunchStoryboardName = LaunchScreen;
				INFOPLIST_KEY_UIMainStoryboardFile = Main;
				INFOPLIST_KEY_UISupportedInterfaceOrientations_iPad = "UIInterfaceOrientationPortrait UIInterfaceOrientationPortraitUpsideDown UIInterfaceOrientationLandscapeLeft UIInterfaceOrientationLandscapeRight";
				INFOPLIST_KEY_UISupportedInterfaceOrientations_iPhone = "UIInterfaceOrientationPortrait UIInterfaceOrientationLandscapeLeft UIInterfaceOrientationLandscapeRight";
				LD_RUNPATH_SEARCH_PATHS = (
					"$(inherited)",
					"@executable_path/Frameworks",
				);
				MARKETING_VERSION = 1.0;
				PRODUCT_BUNDLE_IDENTIFIER = wajih.Messenger;
				PRODUCT_NAME = "$(TARGET_NAME)";
				SWIFT_EMIT_LOC_STRINGS = YES;
				SWIFT_VERSION = 5.0;
				TARGETED_DEVICE_FAMILY = "1,2";
			};
			name = Release;
		};
/* End XCBuildConfiguration section */

/* Begin XCConfigurationList section */
		46E5685428AC3F4D000C41E2 /* Build configuration list for PBXProject "Messenger" */ = {
			isa = XCConfigurationList;
			buildConfigurations = (
				46E5686B28AC3F4E000C41E2 /* Debug */,
				46E5686C28AC3F4E000C41E2 /* Release */,
			);
			defaultConfigurationIsVisible = 0;
			defaultConfigurationName = Release;
		};
		46E5686D28AC3F4E000C41E2 /* Build configuration list for PBXNativeTarget "Messenger" */ = {
			isa = XCConfigurationList;
			buildConfigurations = (
				46E5686E28AC3F4E000C41E2 /* Debug */,
				46E5686F28AC3F4E000C41E2 /* Release */,
			);
			defaultConfigurationIsVisible = 0;
			defaultConfigurationName = Release;
		};
/* End XCConfigurationList section */
	};
	rootObject = 46E5685128AC3F4D000C41E2 /* Project object */;
}
